
Microsoft Visual Studio Solution File, Format Version 12.00
# Visual Studio Version 17
VisualStudioVersion = 17.3.32922.545
MinimumVisualStudioVersion = 10.0.40219.1
Project("{FAE04EC0-301F-11D3-BF4B-00C04F79EFBC}") = "ProductsTag", "ProductsTag\ProductsTag.csproj", "{649B232D-1DAE-4EE1-AE3B-546FA3851D63}"
EndProject
Global
	GlobalSection(SolutionConfigurationPlatforms) = preSolution
		Debug|Any CPU = Debug|Any CPU
		Release|Any CPU = Release|Any CPU
	EndGlobalSection
	GlobalSection(ProjectConfigurationPlatforms) = postSolution
		{649B232D-1DAE-4EE1-AE3B-546FA3851D63}.Debug|Any CPU.ActiveCfg = Debug|Any CPU
		{649B232D-1DAE-4EE1-AE3B-546FA3851D63}.Debug|Any CPU.Build.0 = Debug|Any CPU
		{649B232D-1DAE-4EE1-AE3B-546FA3851D63}.Release|Any CPU.ActiveCfg = Release|Any CPU
		{649B232D-1DAE-4EE1-AE3B-546FA3851D63}.Release|Any CPU.Build.0 = Release|Any CPU
	EndGlobalSection
	GlobalSection(SolutionProperties) = preSolution
		HideSolutionNode = FALSE
	EndGlobalSection
	GlobalSection(ExtensibilityGlobals) = postSolution
		SolutionGuid = {DEE20132-0FF8-49AF-B320-98D8A4F3C9D4}
	EndGlobalSection
EndGlobal
