
Microsoft Visual Studio Solution File, Format Version 12.00
# Visual Studio Version 17
VisualStudioVersion = 17.3.32922.545
MinimumVisualStudioVersion = 10.0.40219.1
Project("{FAE04EC0-301F-11D3-BF4B-00C04F79EFBC}") = "Matrizes", "Matrizes\Matrizes.csproj", "{DF2EB57D-21A0-4288-BFCF-420104BBD10B}"
EndProject
Global
	GlobalSection(SolutionConfigurationPlatforms) = preSolution
		Debug|Any CPU = Debug|Any CPU
		Release|Any CPU = Release|Any CPU
	EndGlobalSection
	GlobalSection(ProjectConfigurationPlatforms) = postSolution
		{DF2EB57D-21A0-4288-BFCF-420104BBD10B}.Debug|Any CPU.ActiveCfg = Debug|Any CPU
		{DF2EB57D-21A0-4288-BFCF-420104BBD10B}.Debug|Any CPU.Build.0 = Debug|Any CPU
		{DF2EB57D-21A0-4288-BFCF-420104BBD10B}.Release|Any CPU.ActiveCfg = Release|Any CPU
		{DF2EB57D-21A0-4288-BFCF-420104BBD10B}.Release|Any CPU.Build.0 = Release|Any CPU
	EndGlobalSection
	GlobalSection(SolutionProperties) = preSolution
		HideSolutionNode = FALSE
	EndGlobalSection
	GlobalSection(ExtensibilityGlobals) = postSolution
		SolutionGuid = {37E1509B-56FB-425D-B0A9-C091F9E64AE6}
	EndGlobalSection
EndGlobal
