
Microsoft Visual Studio Solution File, Format Version 12.00
# Visual Studio Version 17
VisualStudioVersion = 17.3.32922.545
MinimumVisualStudioVersion = 10.0.40219.1
Project("{FAE04EC0-301F-11D3-BF4B-00C04F79EFBC}") = "AutoPropertys", "AutoPropertys\AutoPropertys.csproj", "{1380666A-25E0-4EAE-95B0-1E7A83F0A5EA}"
EndProject
Global
	GlobalSection(SolutionConfigurationPlatforms) = preSolution
		Debug|Any CPU = Debug|Any CPU
		Release|Any CPU = Release|Any CPU
	EndGlobalSection
	GlobalSection(ProjectConfigurationPlatforms) = postSolution
		{1380666A-25E0-4EAE-95B0-1E7A83F0A5EA}.Debug|Any CPU.ActiveCfg = Debug|Any CPU
		{1380666A-25E0-4EAE-95B0-1E7A83F0A5EA}.Debug|Any CPU.Build.0 = Debug|Any CPU
		{1380666A-25E0-4EAE-95B0-1E7A83F0A5EA}.Release|Any CPU.ActiveCfg = Release|Any CPU
		{1380666A-25E0-4EAE-95B0-1E7A83F0A5EA}.Release|Any CPU.Build.0 = Release|Any CPU
	EndGlobalSection
	GlobalSection(SolutionProperties) = preSolution
		HideSolutionNode = FALSE
	EndGlobalSection
	GlobalSection(ExtensibilityGlobals) = postSolution
		SolutionGuid = {9915E073-8CF1-46FF-A7FC-C1232759BC8A}
	EndGlobalSection
EndGlobal
