
Microsoft Visual Studio Solution File, Format Version 12.00
# Visual Studio Version 17
VisualStudioVersion = 17.3.32922.545
MinimumVisualStudioVersion = 10.0.40219.1
Project("{FAE04EC0-301F-11D3-BF4B-00C04F79EFBC}") = "AprovadoReprovado", "AprovadoReprovado\AprovadoReprovado.csproj", "{DCDAABFD-EB84-4DA1-B915-02683B9C5DDB}"
EndProject
Global
	GlobalSection(SolutionConfigurationPlatforms) = preSolution
		Debug|Any CPU = Debug|Any CPU
		Release|Any CPU = Release|Any CPU
	EndGlobalSection
	GlobalSection(ProjectConfigurationPlatforms) = postSolution
		{DCDAABFD-EB84-4DA1-B915-02683B9C5DDB}.Debug|Any CPU.ActiveCfg = Debug|Any CPU
		{DCDAABFD-EB84-4DA1-B915-02683B9C5DDB}.Debug|Any CPU.Build.0 = Debug|Any CPU
		{DCDAABFD-EB84-4DA1-B915-02683B9C5DDB}.Release|Any CPU.ActiveCfg = Release|Any CPU
		{DCDAABFD-EB84-4DA1-B915-02683B9C5DDB}.Release|Any CPU.Build.0 = Release|Any CPU
	EndGlobalSection
	GlobalSection(SolutionProperties) = preSolution
		HideSolutionNode = FALSE
	EndGlobalSection
	GlobalSection(ExtensibilityGlobals) = postSolution
		SolutionGuid = {0ADA797E-2950-4324-825F-D4E6AA765305}
	EndGlobalSection
EndGlobal
