
Microsoft Visual Studio Solution File, Format Version 12.00
# Visual Studio Version 17
VisualStudioVersion = 17.6.33829.357
MinimumVisualStudioVersion = 10.0.40219.1
Project("{FAE04EC0-301F-11D3-BF4B-00C04F79EFBC}") = "Dictionary", "Dictionary\Dictionary.csproj", "{3ACE6219-D06E-4261-ABE6-04F311694A67}"
EndProject
Global
	GlobalSection(SolutionConfigurationPlatforms) = preSolution
		Debug|Any CPU = Debug|Any CPU
		Release|Any CPU = Release|Any CPU
	EndGlobalSection
	GlobalSection(ProjectConfigurationPlatforms) = postSolution
		{3ACE6219-D06E-4261-ABE6-04F311694A67}.Debug|Any CPU.ActiveCfg = Debug|Any CPU
		{3ACE6219-D06E-4261-ABE6-04F311694A67}.Debug|Any CPU.Build.0 = Debug|Any CPU
		{3ACE6219-D06E-4261-ABE6-04F311694A67}.Release|Any CPU.ActiveCfg = Release|Any CPU
		{3ACE6219-D06E-4261-ABE6-04F311694A67}.Release|Any CPU.Build.0 = Release|Any CPU
	EndGlobalSection
	GlobalSection(SolutionProperties) = preSolution
		HideSolutionNode = FALSE
	EndGlobalSection
	GlobalSection(ExtensibilityGlobals) = postSolution
		SolutionGuid = {4E0BE6A0-F6CA-4BF0-86C9-C66185AC9F25}
	EndGlobalSection
EndGlobal
