
Microsoft Visual Studio Solution File, Format Version 12.00
# Visual Studio Version 17
VisualStudioVersion = 17.3.32922.545
MinimumVisualStudioVersion = 10.0.40219.1
Project("{FAE04EC0-301F-11D3-BF4B-00C04F79EFBC}") = "ChangeBackground", "ChangeBackground\ChangeBackground.csproj", "{30EDF9F7-2815-478E-9C97-2B548FE1704D}"
EndProject
Global
	GlobalSection(SolutionConfigurationPlatforms) = preSolution
		Debug|Any CPU = Debug|Any CPU
		Release|Any CPU = Release|Any CPU
	EndGlobalSection
	GlobalSection(ProjectConfigurationPlatforms) = postSolution
		{30EDF9F7-2815-478E-9C97-2B548FE1704D}.Debug|Any CPU.ActiveCfg = Debug|Any CPU
		{30EDF9F7-2815-478E-9C97-2B548FE1704D}.Debug|Any CPU.Build.0 = Debug|Any CPU
		{30EDF9F7-2815-478E-9C97-2B548FE1704D}.Release|Any CPU.ActiveCfg = Release|Any CPU
		{30EDF9F7-2815-478E-9C97-2B548FE1704D}.Release|Any CPU.Build.0 = Release|Any CPU
	EndGlobalSection
	GlobalSection(SolutionProperties) = preSolution
		HideSolutionNode = FALSE
	EndGlobalSection
	GlobalSection(ExtensibilityGlobals) = postSolution
		SolutionGuid = {D3EDA9D4-BE86-40D6-AFD8-F696CF3A41D9}
	EndGlobalSection
EndGlobal
