
Microsoft Visual Studio Solution File, Format Version 12.00
# Visual Studio Version 17
VisualStudioVersion = 17.3.32922.545
MinimumVisualStudioVersion = 10.0.40219.1
Project("{FAE04EC0-301F-11D3-BF4B-00C04F79EFBC}") = "DadosFuncionario", "DadosFuncionario\DadosFuncionario.csproj", "{21EC981E-A878-4509-B4A1-1890CF50CA9E}"
EndProject
Global
	GlobalSection(SolutionConfigurationPlatforms) = preSolution
		Debug|Any CPU = Debug|Any CPU
		Release|Any CPU = Release|Any CPU
	EndGlobalSection
	GlobalSection(ProjectConfigurationPlatforms) = postSolution
		{21EC981E-A878-4509-B4A1-1890CF50CA9E}.Debug|Any CPU.ActiveCfg = Debug|Any CPU
		{21EC981E-A878-4509-B4A1-1890CF50CA9E}.Debug|Any CPU.Build.0 = Debug|Any CPU
		{21EC981E-A878-4509-B4A1-1890CF50CA9E}.Release|Any CPU.ActiveCfg = Release|Any CPU
		{21EC981E-A878-4509-B4A1-1890CF50CA9E}.Release|Any CPU.Build.0 = Release|Any CPU
	EndGlobalSection
	GlobalSection(SolutionProperties) = preSolution
		HideSolutionNode = FALSE
	EndGlobalSection
	GlobalSection(ExtensibilityGlobals) = postSolution
		SolutionGuid = {1298E162-69BD-48AA-A9A1-A8C8A7A3EADA}
	EndGlobalSection
EndGlobal
