
Microsoft Visual Studio Solution File, Format Version 12.00
# Visual Studio Version 17
VisualStudioVersion = 17.3.32922.545
MinimumVisualStudioVersion = 10.0.40219.1
Project("{FAE04EC0-301F-11D3-BF4B-00C04F79EFBC}") = "Agencia_Bancaria", "Agencia_Bancaria\Agencia_Bancaria.csproj", "{DCA5709F-AFF0-4326-8BB4-005B8607954B}"
EndProject
Global
	GlobalSection(SolutionConfigurationPlatforms) = preSolution
		Debug|Any CPU = Debug|Any CPU
		Release|Any CPU = Release|Any CPU
	EndGlobalSection
	GlobalSection(ProjectConfigurationPlatforms) = postSolution
		{DCA5709F-AFF0-4326-8BB4-005B8607954B}.Debug|Any CPU.ActiveCfg = Debug|Any CPU
		{DCA5709F-AFF0-4326-8BB4-005B8607954B}.Debug|Any CPU.Build.0 = Debug|Any CPU
		{DCA5709F-AFF0-4326-8BB4-005B8607954B}.Release|Any CPU.ActiveCfg = Release|Any CPU
		{DCA5709F-AFF0-4326-8BB4-005B8607954B}.Release|Any CPU.Build.0 = Release|Any CPU
	EndGlobalSection
	GlobalSection(SolutionProperties) = preSolution
		HideSolutionNode = FALSE
	EndGlobalSection
	GlobalSection(ExtensibilityGlobals) = postSolution
		SolutionGuid = {76060B7B-5D8B-4FBA-AE04-AABEB8208636}
	EndGlobalSection
EndGlobal
