
Microsoft Visual Studio Solution File, Format Version 12.00
# Visual Studio Version 17
VisualStudioVersion = 17.6.33829.357
MinimumVisualStudioVersion = 10.0.40219.1
Project("{FAE04EC0-301F-11D3-BF4B-00C04F79EFBC}") = "Path", "Path\Path.csproj", "{032A3709-F41C-4EC1-B683-D6956900CE75}"
EndProject
Global
	GlobalSection(SolutionConfigurationPlatforms) = preSolution
		Debug|Any CPU = Debug|Any CPU
		Release|Any CPU = Release|Any CPU
	EndGlobalSection
	GlobalSection(ProjectConfigurationPlatforms) = postSolution
		{032A3709-F41C-4EC1-B683-D6956900CE75}.Debug|Any CPU.ActiveCfg = Debug|Any CPU
		{032A3709-F41C-4EC1-B683-D6956900CE75}.Debug|Any CPU.Build.0 = Debug|Any CPU
		{032A3709-F41C-4EC1-B683-D6956900CE75}.Release|Any CPU.ActiveCfg = Release|Any CPU
		{032A3709-F41C-4EC1-B683-D6956900CE75}.Release|Any CPU.Build.0 = Release|Any CPU
	EndGlobalSection
	GlobalSection(SolutionProperties) = preSolution
		HideSolutionNode = FALSE
	EndGlobalSection
	GlobalSection(ExtensibilityGlobals) = postSolution
		SolutionGuid = {8F7C6018-A0FB-4F8D-B2BB-DD672488C21C}
	EndGlobalSection
EndGlobal
