
Microsoft Visual Studio Solution File, Format Version 12.00
# Visual Studio Version 17
VisualStudioVersion = 17.6.33829.357
MinimumVisualStudioVersion = 10.0.40219.1
Project("{FAE04EC0-301F-11D3-BF4B-00C04F79EFBC}") = "Comparing", "Comparing\Comparing.csproj", "{8102AB47-F972-4E19-ADA7-62615BD10DE5}"
EndProject
Global
	GlobalSection(SolutionConfigurationPlatforms) = preSolution
		Debug|Any CPU = Debug|Any CPU
		Release|Any CPU = Release|Any CPU
	EndGlobalSection
	GlobalSection(ProjectConfigurationPlatforms) = postSolution
		{8102AB47-F972-4E19-ADA7-62615BD10DE5}.Debug|Any CPU.ActiveCfg = Debug|Any CPU
		{8102AB47-F972-4E19-ADA7-62615BD10DE5}.Debug|Any CPU.Build.0 = Debug|Any CPU
		{8102AB47-F972-4E19-ADA7-62615BD10DE5}.Release|Any CPU.ActiveCfg = Release|Any CPU
		{8102AB47-F972-4E19-ADA7-62615BD10DE5}.Release|Any CPU.Build.0 = Release|Any CPU
	EndGlobalSection
	GlobalSection(SolutionProperties) = preSolution
		HideSolutionNode = FALSE
	EndGlobalSection
	GlobalSection(ExtensibilityGlobals) = postSolution
		SolutionGuid = {3C693135-3CE6-46BF-9EF6-AF9C7BFD6230}
	EndGlobalSection
EndGlobal
