
Microsoft Visual Studio Solution File, Format Version 12.00
# Visual Studio Version 17
VisualStudioVersion = 17.6.33829.357
MinimumVisualStudioVersion = 10.0.40219.1
Project("{FAE04EC0-301F-11D3-BF4B-00C04F79EFBC}") = "Func", "Func\Func.csproj", "{CCC4A662-6C2C-49D3-A8DF-AFC2307FFBFA}"
EndProject
Global
	GlobalSection(SolutionConfigurationPlatforms) = preSolution
		Debug|Any CPU = Debug|Any CPU
		Release|Any CPU = Release|Any CPU
	EndGlobalSection
	GlobalSection(ProjectConfigurationPlatforms) = postSolution
		{CCC4A662-6C2C-49D3-A8DF-AFC2307FFBFA}.Debug|Any CPU.ActiveCfg = Debug|Any CPU
		{CCC4A662-6C2C-49D3-A8DF-AFC2307FFBFA}.Debug|Any CPU.Build.0 = Debug|Any CPU
		{CCC4A662-6C2C-49D3-A8DF-AFC2307FFBFA}.Release|Any CPU.ActiveCfg = Release|Any CPU
		{CCC4A662-6C2C-49D3-A8DF-AFC2307FFBFA}.Release|Any CPU.Build.0 = Release|Any CPU
	EndGlobalSection
	GlobalSection(SolutionProperties) = preSolution
		HideSolutionNode = FALSE
	EndGlobalSection
	GlobalSection(ExtensibilityGlobals) = postSolution
		SolutionGuid = {7695DBAD-955E-494F-903D-D6C0760A29A1}
	EndGlobalSection
EndGlobal
