
Microsoft Visual Studio Solution File, Format Version 12.00
# Visual Studio Version 17
VisualStudioVersion = 17.3.32922.545
MinimumVisualStudioVersion = 10.0.40219.1
Project("{FAE04EC0-301F-11D3-BF4B-00C04F79EFBC}") = "NewAccounts", "NewAccounts\NewAccounts.csproj", "{31096134-2FBF-44ED-84AF-917F4889C50B}"
EndProject
Global
	GlobalSection(SolutionConfigurationPlatforms) = preSolution
		Debug|Any CPU = Debug|Any CPU
		Release|Any CPU = Release|Any CPU
	EndGlobalSection
	GlobalSection(ProjectConfigurationPlatforms) = postSolution
		{31096134-2FBF-44ED-84AF-917F4889C50B}.Debug|Any CPU.ActiveCfg = Debug|Any CPU
		{31096134-2FBF-44ED-84AF-917F4889C50B}.Debug|Any CPU.Build.0 = Debug|Any CPU
		{31096134-2FBF-44ED-84AF-917F4889C50B}.Release|Any CPU.ActiveCfg = Release|Any CPU
		{31096134-2FBF-44ED-84AF-917F4889C50B}.Release|Any CPU.Build.0 = Release|Any CPU
	EndGlobalSection
	GlobalSection(SolutionProperties) = preSolution
		HideSolutionNode = FALSE
	EndGlobalSection
	GlobalSection(ExtensibilityGlobals) = postSolution
		SolutionGuid = {3B4DE1A0-F9EF-4BB3-AA88-46513B065AEF}
	EndGlobalSection
EndGlobal
