
Microsoft Visual Studio Solution File, Format Version 12.00
# Visual Studio Version 17
VisualStudioVersion = 17.3.32922.545
MinimumVisualStudioVersion = 10.0.40219.1
Project("{FAE04EC0-301F-11D3-BF4B-00C04F79EFBC}") = "OutSorcedEmployee", "OutSorcedEmployee\OutSorcedEmployee.csproj", "{BDEF55FF-97CD-4729-91C0-D679EB2BED7F}"
EndProject
Global
	GlobalSection(SolutionConfigurationPlatforms) = preSolution
		Debug|Any CPU = Debug|Any CPU
		Release|Any CPU = Release|Any CPU
	EndGlobalSection
	GlobalSection(ProjectConfigurationPlatforms) = postSolution
		{BDEF55FF-97CD-4729-91C0-D679EB2BED7F}.Debug|Any CPU.ActiveCfg = Debug|Any CPU
		{BDEF55FF-97CD-4729-91C0-D679EB2BED7F}.Debug|Any CPU.Build.0 = Debug|Any CPU
		{BDEF55FF-97CD-4729-91C0-D679EB2BED7F}.Release|Any CPU.ActiveCfg = Release|Any CPU
		{BDEF55FF-97CD-4729-91C0-D679EB2BED7F}.Release|Any CPU.Build.0 = Release|Any CPU
	EndGlobalSection
	GlobalSection(SolutionProperties) = preSolution
		HideSolutionNode = FALSE
	EndGlobalSection
	GlobalSection(ExtensibilityGlobals) = postSolution
		SolutionGuid = {8C64FA4F-3F3A-4C74-8B92-C040C718294D}
	EndGlobalSection
EndGlobal
