
Microsoft Visual Studio Solution File, Format Version 12.00
# Visual Studio Version 17
VisualStudioVersion = 17.3.32922.545
MinimumVisualStudioVersion = 10.0.40219.1
Project("{FAE04EC0-301F-11D3-BF4B-00C04F79EFBC}") = "ExercicioDolar", "ExercicioDolar\ExercicioDolar.csproj", "{386EE28A-6B32-40E0-A8C3-8606671067CD}"
EndProject
Global
	GlobalSection(SolutionConfigurationPlatforms) = preSolution
		Debug|Any CPU = Debug|Any CPU
		Release|Any CPU = Release|Any CPU
	EndGlobalSection
	GlobalSection(ProjectConfigurationPlatforms) = postSolution
		{386EE28A-6B32-40E0-A8C3-8606671067CD}.Debug|Any CPU.ActiveCfg = Debug|Any CPU
		{386EE28A-6B32-40E0-A8C3-8606671067CD}.Debug|Any CPU.Build.0 = Debug|Any CPU
		{386EE28A-6B32-40E0-A8C3-8606671067CD}.Release|Any CPU.ActiveCfg = Release|Any CPU
		{386EE28A-6B32-40E0-A8C3-8606671067CD}.Release|Any CPU.Build.0 = Release|Any CPU
	EndGlobalSection
	GlobalSection(SolutionProperties) = preSolution
		HideSolutionNode = FALSE
	EndGlobalSection
	GlobalSection(ExtensibilityGlobals) = postSolution
		SolutionGuid = {BC3BAE9B-F3A8-4545-9CD7-2787E36EF389}
	EndGlobalSection
EndGlobal
