
Microsoft Visual Studio Solution File, Format Version 12.00
# Visual Studio Version 17
VisualStudioVersion = 17.3.32922.545
MinimumVisualStudioVersion = 10.0.40219.1
Project("{FAE04EC0-301F-11D3-BF4B-00C04F79EFBC}") = "ExercicioVetor", "ExercicioVetor\ExercicioVetor.csproj", "{CE8F2B92-0A1E-496E-A844-A22617D25C0D}"
EndProject
Global
	GlobalSection(SolutionConfigurationPlatforms) = preSolution
		Debug|Any CPU = Debug|Any CPU
		Release|Any CPU = Release|Any CPU
	EndGlobalSection
	GlobalSection(ProjectConfigurationPlatforms) = postSolution
		{CE8F2B92-0A1E-496E-A844-A22617D25C0D}.Debug|Any CPU.ActiveCfg = Debug|Any CPU
		{CE8F2B92-0A1E-496E-A844-A22617D25C0D}.Debug|Any CPU.Build.0 = Debug|Any CPU
		{CE8F2B92-0A1E-496E-A844-A22617D25C0D}.Release|Any CPU.ActiveCfg = Release|Any CPU
		{CE8F2B92-0A1E-496E-A844-A22617D25C0D}.Release|Any CPU.Build.0 = Release|Any CPU
	EndGlobalSection
	GlobalSection(SolutionProperties) = preSolution
		HideSolutionNode = FALSE
	EndGlobalSection
	GlobalSection(ExtensibilityGlobals) = postSolution
		SolutionGuid = {7C25CA9A-15FC-43A1-BEBE-A485C213B7C6}
	EndGlobalSection
EndGlobal
